
Microsoft Visual Studio Solution File, Format Version 12.00
# Visual Studio 15
VisualStudioVersion = 15.0.27004.2010
MinimumVisualStudioVersion = 10.0.40219.1
Project("{FAE04EC0-301F-11D3-BF4B-00C04F79EFBC}") = "maskDetection", "maskDetection.csproj", "{7BC41045-6D78-4542-9B18-6E220C5DC3EE}"
EndProject
Global
	GlobalSection(SolutionConfigurationPlatforms) = preSolution
		Debug|Any CPU = Debug|Any CPU
		Release|Any CPU = Release|Any CPU
	EndGlobalSection
	GlobalSection(ProjectConfigurationPlatforms) = postSolution
		{7BC41045-6D78-4542-9B18-6E220C5DC3EE}.Debug|Any CPU.ActiveCfg = Debug|Any CPU
		{7BC41045-6D78-4542-9B18-6E220C5DC3EE}.Debug|Any CPU.Build.0 = Debug|Any CPU
		{7BC41045-6D78-4542-9B18-6E220C5DC3EE}.Release|Any CPU.ActiveCfg = Release|Any CPU
		{7BC41045-6D78-4542-9B18-6E220C5DC3EE}.Release|Any CPU.Build.0 = Release|Any CPU
	EndGlobalSection
	GlobalSection(SolutionProperties) = preSolution
		HideSolutionNode = FALSE
	EndGlobalSection
	GlobalSection(ExtensibilityGlobals) = postSolution
		SolutionGuid = {3316A4B9-0536-4773-A380-90B47D15DF5D}
	EndGlobalSection
EndGlobal
